
Microsoft Visual Studio Solution File, Format Version 12.00
# Visual Studio Version 17
VisualStudioVersion = 17.2.32526.322
MinimumVisualStudioVersion = 10.0.40219.1
Project("{9A19103F-16F7-4668-BE54-9A1E7A4F7556}") = "MyBlog", "MyBlog\MyBlog.csproj", "{C6743D15-18E7-4C0E-A2D6-470D77EB63BF}"
EndProject
Project("{FAE04EC0-301F-11D3-BF4B-00C04F79EFBC}") = "MyBlog.Data", "Blog.Data\MyBlog.Data.csproj", "{3AF27627-C959-409E-B685-0A6D81C404E0}"
EndProject
Project("{FAE04EC0-301F-11D3-BF4B-00C04F79EFBC}") = "MyBlog.Controllers", "Blog.Controllers\MyBlog.Controllers.csproj", "{21AED185-56E4-45F0-B733-8F9BA6E34490}"
EndProject
Project("{FAE04EC0-301F-11D3-BF4B-00C04F79EFBC}") = "MyBlog.Services", "Blog.Services\MyBlog.Services.csproj", "{7BF360C5-4FF2-4AE7-8465-D2591F8DBF07}"
EndProject
Project("{FAE04EC0-301F-11D3-BF4B-00C04F79EFBC}") = "MyBlog.Tests", "Blog.Tests\MyBlog.Tests.csproj", "{D63E5EBE-A0B7-472A-BE21-705687A8E2C9}"
EndProject
Global
	GlobalSection(SolutionConfigurationPlatforms) = preSolution
		Debug|Any CPU = Debug|Any CPU
		Release|Any CPU = Release|Any CPU
	EndGlobalSection
	GlobalSection(ProjectConfigurationPlatforms) = postSolution
		{C6743D15-18E7-4C0E-A2D6-470D77EB63BF}.Debug|Any CPU.ActiveCfg = Debug|Any CPU
		{C6743D15-18E7-4C0E-A2D6-470D77EB63BF}.Debug|Any CPU.Build.0 = Debug|Any CPU
		{C6743D15-18E7-4C0E-A2D6-470D77EB63BF}.Release|Any CPU.ActiveCfg = Release|Any CPU
		{C6743D15-18E7-4C0E-A2D6-470D77EB63BF}.Release|Any CPU.Build.0 = Release|Any CPU
		{3AF27627-C959-409E-B685-0A6D81C404E0}.Debug|Any CPU.ActiveCfg = Debug|Any CPU
		{3AF27627-C959-409E-B685-0A6D81C404E0}.Debug|Any CPU.Build.0 = Debug|Any CPU
		{3AF27627-C959-409E-B685-0A6D81C404E0}.Release|Any CPU.ActiveCfg = Release|Any CPU
		{3AF27627-C959-409E-B685-0A6D81C404E0}.Release|Any CPU.Build.0 = Release|Any CPU
		{21AED185-56E4-45F0-B733-8F9BA6E34490}.Debug|Any CPU.ActiveCfg = Debug|Any CPU
		{21AED185-56E4-45F0-B733-8F9BA6E34490}.Debug|Any CPU.Build.0 = Debug|Any CPU
		{21AED185-56E4-45F0-B733-8F9BA6E34490}.Release|Any CPU.ActiveCfg = Release|Any CPU
		{21AED185-56E4-45F0-B733-8F9BA6E34490}.Release|Any CPU.Build.0 = Release|Any CPU
		{7BF360C5-4FF2-4AE7-8465-D2591F8DBF07}.Debug|Any CPU.ActiveCfg = Debug|Any CPU
		{7BF360C5-4FF2-4AE7-8465-D2591F8DBF07}.Debug|Any CPU.Build.0 = Debug|Any CPU
		{7BF360C5-4FF2-4AE7-8465-D2591F8DBF07}.Release|Any CPU.ActiveCfg = Release|Any CPU
		{7BF360C5-4FF2-4AE7-8465-D2591F8DBF07}.Release|Any CPU.Build.0 = Release|Any CPU
		{D63E5EBE-A0B7-472A-BE21-705687A8E2C9}.Debug|Any CPU.ActiveCfg = Debug|Any CPU
		{D63E5EBE-A0B7-472A-BE21-705687A8E2C9}.Debug|Any CPU.Build.0 = Debug|Any CPU
		{D63E5EBE-A0B7-472A-BE21-705687A8E2C9}.Release|Any CPU.ActiveCfg = Release|Any CPU
		{D63E5EBE-A0B7-472A-BE21-705687A8E2C9}.Release|Any CPU.Build.0 = Release|Any CPU
	EndGlobalSection
	GlobalSection(SolutionProperties) = preSolution
		HideSolutionNode = FALSE
	EndGlobalSection
	GlobalSection(ExtensibilityGlobals) = postSolution
		SolutionGuid = {DB4C38E4-E302-476C-B1E3-DB3D5C03AF60}
	EndGlobalSection
EndGlobal
